
Microsoft Visual Studio Solution File, Format Version 12.00
# Visual Studio 15
Project("{FAE04EC0-301F-11D3-BF4B-00C04F79EFBC}") = "QuickEditor.Common", "QuickEditor.Common.csproj", "{31C5EF5C-9640-E2D2-27C1-E45304EEE30A}"
EndProject
Project("{FAE04EC0-301F-11D3-BF4B-00C04F79EFBC}") = "QuickEditor.Attributes", "QuickEditor.Attributes.csproj", "{063D8F58-E4F7-42E4-C1C2-B243022B67C3}"
EndProject
Global
	GlobalSection(SolutionConfigurationPlatforms) = preSolution
		Debug|Any CPU = Debug|Any CPU
		Release|Any CPU = Release|Any CPU
	EndGlobalSection
	GlobalSection(ProjectConfigurationPlatforms) = postSolution
		{31C5EF5C-9640-E2D2-27C1-E45304EEE30A}.Debug|Any CPU.ActiveCfg = Debug|Any CPU
		{31C5EF5C-9640-E2D2-27C1-E45304EEE30A}.Debug|Any CPU.Build.0 = Debug|Any CPU
		{31C5EF5C-9640-E2D2-27C1-E45304EEE30A}.Release|Any CPU.ActiveCfg = Release|Any CPU
		{31C5EF5C-9640-E2D2-27C1-E45304EEE30A}.Release|Any CPU.Build.0 = Release|Any CPU
		{063D8F58-E4F7-42E4-C1C2-B243022B67C3}.Debug|Any CPU.ActiveCfg = Debug|Any CPU
		{063D8F58-E4F7-42E4-C1C2-B243022B67C3}.Debug|Any CPU.Build.0 = Debug|Any CPU
		{063D8F58-E4F7-42E4-C1C2-B243022B67C3}.Release|Any CPU.ActiveCfg = Release|Any CPU
		{063D8F58-E4F7-42E4-C1C2-B243022B67C3}.Release|Any CPU.Build.0 = Release|Any CPU
	EndGlobalSection
	GlobalSection(SolutionProperties) = preSolution
		HideSolutionNode = FALSE
	EndGlobalSection
	GlobalSection(MonoDevelopProperties) = preSolution
		StartupItem = Assembly-CSharp.csproj
	EndGlobalSection
EndGlobal
